
Microsoft Visual Studio Solution File, Format Version 12.00
# Visual Studio Version 16
VisualStudioVersion = 16.0.30804.86
MinimumVisualStudioVersion = 10.0.40219.1
Project("{FAE04EC0-301F-11D3-BF4B-00C04F79EFBC}") = "CySecApp-COMP1004", "CySecApp-COMP1004\CySecApp-COMP1004.csproj", "{3E07F27E-5A45-4171-A34D-4A27B98D44B5}"
EndProject
Global
	GlobalSection(SolutionConfigurationPlatforms) = preSolution
		Debug|Any CPU = Debug|Any CPU
		Release|Any CPU = Release|Any CPU
	EndGlobalSection
	GlobalSection(ProjectConfigurationPlatforms) = postSolution
		{3E07F27E-5A45-4171-A34D-4A27B98D44B5}.Debug|Any CPU.ActiveCfg = Debug|Any CPU
		{3E07F27E-5A45-4171-A34D-4A27B98D44B5}.Debug|Any CPU.Build.0 = Debug|Any CPU
		{3E07F27E-5A45-4171-A34D-4A27B98D44B5}.Release|Any CPU.ActiveCfg = Release|Any CPU
		{3E07F27E-5A45-4171-A34D-4A27B98D44B5}.Release|Any CPU.Build.0 = Release|Any CPU
	EndGlobalSection
	GlobalSection(SolutionProperties) = preSolution
		HideSolutionNode = FALSE
	EndGlobalSection
	GlobalSection(ExtensibilityGlobals) = postSolution
		SolutionGuid = {907C3E86-EB01-4FA7-BE16-AD11A325841B}
	EndGlobalSection
EndGlobal
